{
  "originHash" : "34fc6ded3af11d97770b2e20b5e3cfd72f9d3309ae17ef3278b95041f16c02dc",
  "pins" : [
    {
      "identity" : "swiftterm",
      "kind" : "remoteSourceControl",
      "location" : "https://github.com/migueldeicaza/SwiftTerm.git",
      "state" : {
        "revision" : "e2b431dbf73f775fb4807a33e4572ffd3dc6933a",
        "version" : "1.2.5"
      }
    }
  ],
  "version" : 3
}
